
Microsoft Visual Studio Solution File, Format Version 12.00
# Visual Studio 14
VisualStudioVersion = 14.0.23107.0
MinimumVisualStudioVersion = 10.0.40219.1
Project("{FAE04EC0-301F-11D3-BF4B-00C04F79EFBC}") = "LanguageExchange", "LanguageExchange\LanguageExchange.csproj", "{07AF63C9-AE53-4B67-ADAA-D4EB813149D2}"
EndProject
Project("{FAE04EC0-301F-11D3-BF4B-00C04F79EFBC}") = "LanguageExchange.Interfaces", "LanguageExchange.Interfaces\LanguageExchange.Interfaces.csproj", "{3E23B3B4-A1CD-452D-83B9-9D4C43824775}"
EndProject
Project("{FAE04EC0-301F-11D3-BF4B-00C04F79EFBC}") = "LanguageExchange.Models", "LanguageExchange.Models\LanguageExchange.Models.csproj", "{071148C0-8F20-44A3-93F1-78A7B78E97A9}"
EndProject
Project("{FAE04EC0-301F-11D3-BF4B-00C04F79EFBC}") = "LanguageExchange.Repository", "LanguageExchange.Repository\LanguageExchange.Repository.csproj", "{97BF15F7-221B-4F4F-8B23-3BAC2E12FE29}"
EndProject
Project("{FAE04EC0-301F-11D3-BF4B-00C04F79EFBC}") = "LanguageExchange.DataLayer", "LanguageExchange.DataLayer\LanguageExchange.DataLayer.csproj", "{F7733CDC-5F2B-4F64-86EE-370B0AD8EF69}"
EndProject
Project("{FAE04EC0-301F-11D3-BF4B-00C04F79EFBC}") = "LanguageExchange.Common", "LanguageExchange.Common\LanguageExchange.Common.csproj", "{5E8C616F-F985-4C86-9BD5-CC5DE426FB57}"
EndProject
Project("{9092AA53-FB77-4645-B42D-1CCCA6BD08BD}") = "LanguageExchange.Web", "LanguageExchange.Web\LanguageExchange.Web.njsproj", "{A6D317F6-D425-4F24-B5B0-442CC1D97473}"
EndProject
Project("{FAE04EC0-301F-11D3-BF4B-00C04F79EFBC}") = "LanguageExchange.Services", "LanguageExchange.Services\LanguageExchange.Services.csproj", "{26616096-4389-4DFA-9646-FEF3D0C5B6AA}"
EndProject
Global
	GlobalSection(SolutionConfigurationPlatforms) = preSolution
		Debug|Any CPU = Debug|Any CPU
		Release|Any CPU = Release|Any CPU
	EndGlobalSection
	GlobalSection(ProjectConfigurationPlatforms) = postSolution
		{07AF63C9-AE53-4B67-ADAA-D4EB813149D2}.Debug|Any CPU.ActiveCfg = Debug|Any CPU
		{07AF63C9-AE53-4B67-ADAA-D4EB813149D2}.Debug|Any CPU.Build.0 = Debug|Any CPU
		{07AF63C9-AE53-4B67-ADAA-D4EB813149D2}.Release|Any CPU.ActiveCfg = Release|Any CPU
		{07AF63C9-AE53-4B67-ADAA-D4EB813149D2}.Release|Any CPU.Build.0 = Release|Any CPU
		{3E23B3B4-A1CD-452D-83B9-9D4C43824775}.Debug|Any CPU.ActiveCfg = Debug|Any CPU
		{3E23B3B4-A1CD-452D-83B9-9D4C43824775}.Debug|Any CPU.Build.0 = Debug|Any CPU
		{3E23B3B4-A1CD-452D-83B9-9D4C43824775}.Release|Any CPU.ActiveCfg = Release|Any CPU
		{3E23B3B4-A1CD-452D-83B9-9D4C43824775}.Release|Any CPU.Build.0 = Release|Any CPU
		{071148C0-8F20-44A3-93F1-78A7B78E97A9}.Debug|Any CPU.ActiveCfg = Debug|Any CPU
		{071148C0-8F20-44A3-93F1-78A7B78E97A9}.Debug|Any CPU.Build.0 = Debug|Any CPU
		{071148C0-8F20-44A3-93F1-78A7B78E97A9}.Release|Any CPU.ActiveCfg = Release|Any CPU
		{071148C0-8F20-44A3-93F1-78A7B78E97A9}.Release|Any CPU.Build.0 = Release|Any CPU
		{97BF15F7-221B-4F4F-8B23-3BAC2E12FE29}.Debug|Any CPU.ActiveCfg = Debug|Any CPU
		{97BF15F7-221B-4F4F-8B23-3BAC2E12FE29}.Debug|Any CPU.Build.0 = Debug|Any CPU
		{97BF15F7-221B-4F4F-8B23-3BAC2E12FE29}.Release|Any CPU.ActiveCfg = Release|Any CPU
		{97BF15F7-221B-4F4F-8B23-3BAC2E12FE29}.Release|Any CPU.Build.0 = Release|Any CPU
		{F7733CDC-5F2B-4F64-86EE-370B0AD8EF69}.Debug|Any CPU.ActiveCfg = Debug|Any CPU
		{F7733CDC-5F2B-4F64-86EE-370B0AD8EF69}.Debug|Any CPU.Build.0 = Debug|Any CPU
		{F7733CDC-5F2B-4F64-86EE-370B0AD8EF69}.Release|Any CPU.ActiveCfg = Release|Any CPU
		{F7733CDC-5F2B-4F64-86EE-370B0AD8EF69}.Release|Any CPU.Build.0 = Release|Any CPU
		{5E8C616F-F985-4C86-9BD5-CC5DE426FB57}.Debug|Any CPU.ActiveCfg = Debug|Any CPU
		{5E8C616F-F985-4C86-9BD5-CC5DE426FB57}.Debug|Any CPU.Build.0 = Debug|Any CPU
		{5E8C616F-F985-4C86-9BD5-CC5DE426FB57}.Release|Any CPU.ActiveCfg = Release|Any CPU
		{5E8C616F-F985-4C86-9BD5-CC5DE426FB57}.Release|Any CPU.Build.0 = Release|Any CPU
		{A6D317F6-D425-4F24-B5B0-442CC1D97473}.Debug|Any CPU.ActiveCfg = Debug|Any CPU
		{A6D317F6-D425-4F24-B5B0-442CC1D97473}.Release|Any CPU.ActiveCfg = Release|Any CPU
		{A6D317F6-D425-4F24-B5B0-442CC1D97473}.Release|Any CPU.Build.0 = Release|Any CPU
		{26616096-4389-4DFA-9646-FEF3D0C5B6AA}.Debug|Any CPU.ActiveCfg = Debug|Any CPU
		{26616096-4389-4DFA-9646-FEF3D0C5B6AA}.Debug|Any CPU.Build.0 = Debug|Any CPU
		{26616096-4389-4DFA-9646-FEF3D0C5B6AA}.Release|Any CPU.ActiveCfg = Release|Any CPU
		{26616096-4389-4DFA-9646-FEF3D0C5B6AA}.Release|Any CPU.Build.0 = Release|Any CPU
	EndGlobalSection
	GlobalSection(SolutionProperties) = preSolution
		HideSolutionNode = FALSE
	EndGlobalSection
EndGlobal
